// !$*UTF8*$!
{
	archiveVersion = 1;
	classes = {
	};
	objectVersion = 51;
	objects = {

/* Begin PBXBuildFile section */
		3C7A1FC1E532DE5E439A9626 /* Pods_KAI_Membership.framework in Frameworks */ = {isa = PBXBuildFile; fileRef = 2DEAACA282BABB61573963A5 /* Pods_KAI_Membership.framework */; };
		521754AF25DE7673009355BC /* TutorialViewController.swift in Sources */ = {isa = PBXBuildFile; fileRef = 521754AE25DE7673009355BC /* TutorialViewController.swift */; };
		521754B225DE79D1009355BC /* UIColor+Extensions.swift in Sources */ = {isa = PBXBuildFile; fileRef = 521754B125DE79D1009355BC /* UIColor+Extensions.swift */; };
		521754B525DE7C5B009355BC /* UIView+Extensions.swift in Sources */ = {isa = PBXBuildFile; fileRef = 521754B425DE7C5B009355BC /* UIView+Extensions.swift */; };
		521754BB25DE7DAE009355BC /* TutorialContentView.swift in Sources */ = {isa = PBXBuildFile; fileRef = 521754BA25DE7DAE009355BC /* TutorialContentView.swift */; };
		521754C425DE812D009355BC /* TutorialView.swift in Sources */ = {isa = PBXBuildFile; fileRef = 521754C325DE812D009355BC /* TutorialView.swift */; };
		521754CD25DEAD2C009355BC /* SelectAccountViewController.swift in Sources */ = {isa = PBXBuildFile; fileRef = 521754CC25DEAD2C009355BC /* SelectAccountViewController.swift */; };
		521754D125DEAD91009355BC /* AccountManagement.swift in Sources */ = {isa = PBXBuildFile; fileRef = 521754D025DEAD91009355BC /* AccountManagement.swift */; };
		521754DA25DEAE44009355BC /* Key.swift in Sources */ = {isa = PBXBuildFile; fileRef = 521754D925DEAE44009355BC /* Key.swift */; };
		521754DE25DECBEF009355BC /* UIViewController+Extensions.swift in Sources */ = {isa = PBXBuildFile; fileRef = 521754DD25DECBEF009355BC /* UIViewController+Extensions.swift */; };
		525DB87025E3F2AC001491AE /* CheckMailViewController.swift in Sources */ = {isa = PBXBuildFile; fileRef = 525DB86F25E3F2AC001491AE /* CheckMailViewController.swift */; };
		525DB87525E51DA1001491AE /* PasscodeViewController.swift in Sources */ = {isa = PBXBuildFile; fileRef = 525DB87425E51DA1001491AE /* PasscodeViewController.swift */; };
		525DB87D25E5543E001491AE /* CongratsViewController.swift in Sources */ = {isa = PBXBuildFile; fileRef = 525DB87C25E5543E001491AE /* CongratsViewController.swift */; };
		525DB88625E557BC001491AE /* MissionViewController.swift in Sources */ = {isa = PBXBuildFile; fileRef = 525DB88525E557BC001491AE /* MissionViewController.swift */; };
		525DB8AC25E6A7D7001491AE /* Constants.swift in Sources */ = {isa = PBXBuildFile; fileRef = 525DB8AA25E6A7D6001491AE /* Constants.swift */; };
		525DB8AD25E6A7D7001491AE /* ServicesRepository.swift in Sources */ = {isa = PBXBuildFile; fileRef = 525DB8AB25E6A7D7001491AE /* ServicesRepository.swift */; };
		525DB8E725E6B641001491AE /* AccountDataSource.swift in Sources */ = {isa = PBXBuildFile; fileRef = 525DB8E625E6B641001491AE /* AccountDataSource.swift */; };
		525DB8EB25E6B669001491AE /* Repository.swift in Sources */ = {isa = PBXBuildFile; fileRef = 525DB8EA25E6B669001491AE /* Repository.swift */; };
		525DB8EE25E6B88C001491AE /* AccountLocal.swift in Sources */ = {isa = PBXBuildFile; fileRef = 525DB8ED25E6B88C001491AE /* AccountLocal.swift */; };
		525DB8F125E6B898001491AE /* AccountRemote.swift in Sources */ = {isa = PBXBuildFile; fileRef = 525DB8F025E6B898001491AE /* AccountRemote.swift */; };
		525DB8F625E6B91E001491AE /* AccountServices.swift in Sources */ = {isa = PBXBuildFile; fileRef = 525DB8F525E6B91E001491AE /* AccountServices.swift */; };
		525DB8FB25E77734001491AE /* SelectAccountTableViewCell.swift in Sources */ = {isa = PBXBuildFile; fileRef = 525DB8FA25E77734001491AE /* SelectAccountTableViewCell.swift */; };
		525DB90425E7FE99001491AE /* CALayer+Extensions.swift in Sources */ = {isa = PBXBuildFile; fileRef = 525DB90325E7FE99001491AE /* CALayer+Extensions.swift */; };
		5270BE2725E160AA0046E224 /* String+Extensions.swift in Sources */ = {isa = PBXBuildFile; fileRef = 5270BE2625E160AA0046E224 /* String+Extensions.swift */; };
		529AE17925DD96FD00635807 /* AppDelegate.swift in Sources */ = {isa = PBXBuildFile; fileRef = 529AE17825DD96FD00635807 /* AppDelegate.swift */; };
		529AE17B25DD96FD00635807 /* SceneDelegate.swift in Sources */ = {isa = PBXBuildFile; fileRef = 529AE17A25DD96FD00635807 /* SceneDelegate.swift */; };
		529AE18225DD96FD00635807 /* Assets.xcassets in Resources */ = {isa = PBXBuildFile; fileRef = 529AE18125DD96FD00635807 /* Assets.xcassets */; };
		529AE18525DD96FD00635807 /* LaunchScreen.storyboard in Resources */ = {isa = PBXBuildFile; fileRef = 529AE18325DD96FD00635807 /* LaunchScreen.storyboard */; };
		529AE1A525DD98E200635807 /* RootTabbarController.swift in Sources */ = {isa = PBXBuildFile; fileRef = 529AE1A425DD98E200635807 /* RootTabbarController.swift */; };
		529AE1A825DD994C00635807 /* NewsViewController.swift in Sources */ = {isa = PBXBuildFile; fileRef = 529AE1A725DD994C00635807 /* NewsViewController.swift */; };
		529AE1AD25DD998700635807 /* UtilitiesViewController.swift in Sources */ = {isa = PBXBuildFile; fileRef = 529AE1AC25DD998700635807 /* UtilitiesViewController.swift */; };
		529AE1B325DD99B900635807 /* WalletViewController.swift in Sources */ = {isa = PBXBuildFile; fileRef = 529AE1B225DD99B900635807 /* WalletViewController.swift */; };
		529AE1B825DD9A9300635807 /* BaseViewController.swift in Sources */ = {isa = PBXBuildFile; fileRef = 529AE1B725DD9A9300635807 /* BaseViewController.swift */; };
		52F37C9F25E0001A009F311F /* SignInViewController.swift in Sources */ = {isa = PBXBuildFile; fileRef = 52F37C9E25E0001A009F311F /* SignInViewController.swift */; };
		52F37CA625E0022C009F311F /* Navigator.swift in Sources */ = {isa = PBXBuildFile; fileRef = 52F37CA525E0022C009F311F /* Navigator.swift */; };
		52F37CEB25E031D1009F311F /* SignUpViewController.swift in Sources */ = {isa = PBXBuildFile; fileRef = 52F37CEA25E031D1009F311F /* SignUpViewController.swift */; };
		52F37CF125E03459009F311F /* SignInView.swift in Sources */ = {isa = PBXBuildFile; fileRef = 52F37CF025E03459009F311F /* SignInView.swift */; };
		52F37CF425E0385A009F311F /* UITapGestureRecognizer+Extensions.swift in Sources */ = {isa = PBXBuildFile; fileRef = 52F37CF325E0385A009F311F /* UITapGestureRecognizer+Extensions.swift */; };
		52F37CFA25E0DCDD009F311F /* KAITextFieldView.swift in Sources */ = {isa = PBXBuildFile; fileRef = 52F37CF925E0DCDD009F311F /* KAITextFieldView.swift */; };
		52F37CFF25E0E05E009F311F /* KAIInputTextFieldView.swift in Sources */ = {isa = PBXBuildFile; fileRef = 52F37CFE25E0E05E009F311F /* KAIInputTextFieldView.swift */; };
		52F37D0625E1581C009F311F /* ResetPasswordViewController.swift in Sources */ = {isa = PBXBuildFile; fileRef = 52F37D0525E1581C009F311F /* ResetPasswordViewController.swift */; };
		52F37D0C25E1596D009F311F /* ForgotPasswordViewController.swift in Sources */ = {isa = PBXBuildFile; fileRef = 52F37D0B25E1596D009F311F /* ForgotPasswordViewController.swift */; };
/* End PBXBuildFile section */

/* Begin PBXFileReference section */
		0EA1B91CAA873600C2D0BB1C /* Pods-KAI Membership.debug.xcconfig */ = {isa = PBXFileReference; includeInIndex = 1; lastKnownFileType = text.xcconfig; name = "Pods-KAI Membership.debug.xcconfig"; path = "Target Support Files/Pods-KAI Membership/Pods-KAI Membership.debug.xcconfig"; sourceTree = "<group>"; };
		2DEAACA282BABB61573963A5 /* Pods_KAI_Membership.framework */ = {isa = PBXFileReference; explicitFileType = wrapper.framework; includeInIndex = 0; path = Pods_KAI_Membership.framework; sourceTree = BUILT_PRODUCTS_DIR; };
		521754AE25DE7673009355BC /* TutorialViewController.swift */ = {isa = PBXFileReference; lastKnownFileType = sourcecode.swift; path = TutorialViewController.swift; sourceTree = "<group>"; };
		521754B125DE79D1009355BC /* UIColor+Extensions.swift */ = {isa = PBXFileReference; lastKnownFileType = sourcecode.swift; path = "UIColor+Extensions.swift"; sourceTree = "<group>"; };
		521754B425DE7C5B009355BC /* UIView+Extensions.swift */ = {isa = PBXFileReference; lastKnownFileType = sourcecode.swift; path = "UIView+Extensions.swift"; sourceTree = "<group>"; };
		521754BA25DE7DAE009355BC /* TutorialContentView.swift */ = {isa = PBXFileReference; lastKnownFileType = sourcecode.swift; path = TutorialContentView.swift; sourceTree = "<group>"; };
		521754C325DE812D009355BC /* TutorialView.swift */ = {isa = PBXFileReference; lastKnownFileType = sourcecode.swift; path = TutorialView.swift; sourceTree = "<group>"; };
		521754CC25DEAD2C009355BC /* SelectAccountViewController.swift */ = {isa = PBXFileReference; lastKnownFileType = sourcecode.swift; path = SelectAccountViewController.swift; sourceTree = "<group>"; };
		521754D025DEAD91009355BC /* AccountManagement.swift */ = {isa = PBXFileReference; lastKnownFileType = sourcecode.swift; path = AccountManagement.swift; sourceTree = "<group>"; };
		521754D925DEAE44009355BC /* Key.swift */ = {isa = PBXFileReference; lastKnownFileType = sourcecode.swift; path = Key.swift; sourceTree = "<group>"; };
		521754DD25DECBEF009355BC /* UIViewController+Extensions.swift */ = {isa = PBXFileReference; lastKnownFileType = sourcecode.swift; path = "UIViewController+Extensions.swift"; sourceTree = "<group>"; };
		525DB86F25E3F2AC001491AE /* CheckMailViewController.swift */ = {isa = PBXFileReference; lastKnownFileType = sourcecode.swift; path = CheckMailViewController.swift; sourceTree = "<group>"; };
		525DB87425E51DA1001491AE /* PasscodeViewController.swift */ = {isa = PBXFileReference; lastKnownFileType = sourcecode.swift; path = PasscodeViewController.swift; sourceTree = "<group>"; };
		525DB87C25E5543E001491AE /* CongratsViewController.swift */ = {isa = PBXFileReference; lastKnownFileType = sourcecode.swift; path = CongratsViewController.swift; sourceTree = "<group>"; };
		525DB88525E557BC001491AE /* MissionViewController.swift */ = {isa = PBXFileReference; lastKnownFileType = sourcecode.swift; path = MissionViewController.swift; sourceTree = "<group>"; };
		525DB8AA25E6A7D6001491AE /* Constants.swift */ = {isa = PBXFileReference; fileEncoding = 4; lastKnownFileType = sourcecode.swift; path = Constants.swift; sourceTree = "<group>"; };
		525DB8AB25E6A7D7001491AE /* ServicesRepository.swift */ = {isa = PBXFileReference; fileEncoding = 4; lastKnownFileType = sourcecode.swift; path = ServicesRepository.swift; sourceTree = "<group>"; };
		525DB8E625E6B641001491AE /* AccountDataSource.swift */ = {isa = PBXFileReference; lastKnownFileType = sourcecode.swift; path = AccountDataSource.swift; sourceTree = "<group>"; };
		525DB8EA25E6B669001491AE /* Repository.swift */ = {isa = PBXFileReference; lastKnownFileType = sourcecode.swift; path = Repository.swift; sourceTree = "<group>"; };
		525DB8ED25E6B88C001491AE /* AccountLocal.swift */ = {isa = PBXFileReference; lastKnownFileType = sourcecode.swift; path = AccountLocal.swift; sourceTree = "<group>"; };
		525DB8F025E6B898001491AE /* AccountRemote.swift */ = {isa = PBXFileReference; lastKnownFileType = sourcecode.swift; path = AccountRemote.swift; sourceTree = "<group>"; };
		525DB8F525E6B91E001491AE /* AccountServices.swift */ = {isa = PBXFileReference; lastKnownFileType = sourcecode.swift; path = AccountServices.swift; sourceTree = "<group>"; };
		525DB8FA25E77734001491AE /* SelectAccountTableViewCell.swift */ = {isa = PBXFileReference; lastKnownFileType = sourcecode.swift; path = SelectAccountTableViewCell.swift; sourceTree = "<group>"; };
		525DB90325E7FE99001491AE /* CALayer+Extensions.swift */ = {isa = PBXFileReference; lastKnownFileType = sourcecode.swift; path = "CALayer+Extensions.swift"; sourceTree = "<group>"; };
		5270BE2625E160AA0046E224 /* String+Extensions.swift */ = {isa = PBXFileReference; lastKnownFileType = sourcecode.swift; path = "String+Extensions.swift"; sourceTree = "<group>"; };
		529AE17525DD96FD00635807 /* KAI Membership.app */ = {isa = PBXFileReference; explicitFileType = wrapper.application; includeInIndex = 0; path = "KAI Membership.app"; sourceTree = BUILT_PRODUCTS_DIR; };
		529AE17825DD96FD00635807 /* AppDelegate.swift */ = {isa = PBXFileReference; lastKnownFileType = sourcecode.swift; path = AppDelegate.swift; sourceTree = "<group>"; };
		529AE17A25DD96FD00635807 /* SceneDelegate.swift */ = {isa = PBXFileReference; lastKnownFileType = sourcecode.swift; path = SceneDelegate.swift; sourceTree = "<group>"; };
		529AE18125DD96FD00635807 /* Assets.xcassets */ = {isa = PBXFileReference; lastKnownFileType = folder.assetcatalog; path = Assets.xcassets; sourceTree = "<group>"; };
		529AE18425DD96FD00635807 /* Base */ = {isa = PBXFileReference; lastKnownFileType = file.storyboard; name = Base; path = Base.lproj/LaunchScreen.storyboard; sourceTree = "<group>"; };
		529AE18625DD96FD00635807 /* Info.plist */ = {isa = PBXFileReference; lastKnownFileType = text.plist.xml; path = Info.plist; sourceTree = "<group>"; };
		529AE1A425DD98E200635807 /* RootTabbarController.swift */ = {isa = PBXFileReference; fileEncoding = 4; lastKnownFileType = sourcecode.swift; path = RootTabbarController.swift; sourceTree = "<group>"; };
		529AE1A725DD994C00635807 /* NewsViewController.swift */ = {isa = PBXFileReference; lastKnownFileType = sourcecode.swift; path = NewsViewController.swift; sourceTree = "<group>"; };
		529AE1AC25DD998700635807 /* UtilitiesViewController.swift */ = {isa = PBXFileReference; lastKnownFileType = sourcecode.swift; path = UtilitiesViewController.swift; sourceTree = "<group>"; };
		529AE1B225DD99B900635807 /* WalletViewController.swift */ = {isa = PBXFileReference; lastKnownFileType = sourcecode.swift; path = WalletViewController.swift; sourceTree = "<group>"; };
		529AE1B725DD9A9300635807 /* BaseViewController.swift */ = {isa = PBXFileReference; lastKnownFileType = sourcecode.swift; path = BaseViewController.swift; sourceTree = "<group>"; };
		52F37C9E25E0001A009F311F /* SignInViewController.swift */ = {isa = PBXFileReference; lastKnownFileType = sourcecode.swift; path = SignInViewController.swift; sourceTree = "<group>"; };
		52F37CA525E0022C009F311F /* Navigator.swift */ = {isa = PBXFileReference; lastKnownFileType = sourcecode.swift; path = Navigator.swift; sourceTree = "<group>"; };
		52F37CEA25E031D1009F311F /* SignUpViewController.swift */ = {isa = PBXFileReference; lastKnownFileType = sourcecode.swift; path = SignUpViewController.swift; sourceTree = "<group>"; };
		52F37CF025E03459009F311F /* SignInView.swift */ = {isa = PBXFileReference; lastKnownFileType = sourcecode.swift; path = SignInView.swift; sourceTree = "<group>"; };
		52F37CF325E0385A009F311F /* UITapGestureRecognizer+Extensions.swift */ = {isa = PBXFileReference; lastKnownFileType = sourcecode.swift; path = "UITapGestureRecognizer+Extensions.swift"; sourceTree = "<group>"; };
		52F37CF925E0DCDD009F311F /* KAITextFieldView.swift */ = {isa = PBXFileReference; lastKnownFileType = sourcecode.swift; path = KAITextFieldView.swift; sourceTree = "<group>"; };
		52F37CFE25E0E05E009F311F /* KAIInputTextFieldView.swift */ = {isa = PBXFileReference; lastKnownFileType = sourcecode.swift; path = KAIInputTextFieldView.swift; sourceTree = "<group>"; };
		52F37D0525E1581C009F311F /* ResetPasswordViewController.swift */ = {isa = PBXFileReference; lastKnownFileType = sourcecode.swift; path = ResetPasswordViewController.swift; sourceTree = "<group>"; };
		52F37D0B25E1596D009F311F /* ForgotPasswordViewController.swift */ = {isa = PBXFileReference; lastKnownFileType = sourcecode.swift; path = ForgotPasswordViewController.swift; sourceTree = "<group>"; };
		9C4C8FBECB22AABB90634A9E /* Pods-KAI Membership.release.xcconfig */ = {isa = PBXFileReference; includeInIndex = 1; lastKnownFileType = text.xcconfig; name = "Pods-KAI Membership.release.xcconfig"; path = "Target Support Files/Pods-KAI Membership/Pods-KAI Membership.release.xcconfig"; sourceTree = "<group>"; };
/* End PBXFileReference section */

/* Begin PBXFrameworksBuildPhase section */
		529AE17225DD96FD00635807 /* Frameworks */ = {
			isa = PBXFrameworksBuildPhase;
			buildActionMask = 2147483647;
			files = (
				3C7A1FC1E532DE5E439A9626 /* Pods_KAI_Membership.framework in Frameworks */,
			);
			runOnlyForDeploymentPostprocessing = 0;
		};
/* End PBXFrameworksBuildPhase section */

/* Begin PBXGroup section */
		521754A425DE7530009355BC /* MVVM */ = {
			isa = PBXGroup;
			children = (
				521754A925DE75A9009355BC /* Model */,
				521754A725DE758C009355BC /* View */,
				521754A825DE7595009355BC /* View Model */,
			);
			path = MVVM;
			sourceTree = "<group>";
		};
		521754A525DE7544009355BC /* Supporting */ = {
			isa = PBXGroup;
			children = (
				529AE18625DD96FD00635807 /* Info.plist */,
			);
			path = Supporting;
			sourceTree = "<group>";
		};
		521754A625DE7577009355BC /* Window */ = {
			isa = PBXGroup;
			children = (
				529AE17825DD96FD00635807 /* AppDelegate.swift */,
				529AE18325DD96FD00635807 /* LaunchScreen.storyboard */,
				529AE17A25DD96FD00635807 /* SceneDelegate.swift */,
			);
			path = Window;
			sourceTree = "<group>";
		};
		521754A725DE758C009355BC /* View */ = {
			isa = PBXGroup;
			children = (
				529AE19425DD97C500635807 /* Controllers */,
				52F37CF825E0DCC5009F311F /* Views */,
			);
			path = View;
			sourceTree = "<group>";
		};
		521754A825DE7595009355BC /* View Model */ = {
			isa = PBXGroup;
			children = (
			);
			path = "View Model";
			sourceTree = "<group>";
		};
		521754A925DE75A9009355BC /* Model */ = {
			isa = PBXGroup;
			children = (
				525DB8BA25E6A885001491AE /* Accounts */,
			);
			path = Model;
			sourceTree = "<group>";
		};
		521754AC25DE75FA009355BC /* Extensions */ = {
			isa = PBXGroup;
			children = (
				5270BE2625E160AA0046E224 /* String+Extensions.swift */,
				521754B125DE79D1009355BC /* UIColor+Extensions.swift */,
				52F37CF325E0385A009F311F /* UITapGestureRecognizer+Extensions.swift */,
				521754B425DE7C5B009355BC /* UIView+Extensions.swift */,
				521754DD25DECBEF009355BC /* UIViewController+Extensions.swift */,
				525DB90325E7FE99001491AE /* CALayer+Extensions.swift */,
			);
			path = Extensions;
			sourceTree = "<group>";
		};
		521754AD25DE764B009355BC /* Tutorials */ = {
			isa = PBXGroup;
			children = (
				521754B725DE7D74009355BC /* Controllers */,
				521754B925DE7D81009355BC /* Views */,
			);
			path = Tutorials;
			sourceTree = "<group>";
		};
		521754B725DE7D74009355BC /* Controllers */ = {
			isa = PBXGroup;
			children = (
				521754AE25DE7673009355BC /* TutorialViewController.swift */,
			);
			path = Controllers;
			sourceTree = "<group>";
		};
		521754B925DE7D81009355BC /* Views */ = {
			isa = PBXGroup;
			children = (
				521754BA25DE7DAE009355BC /* TutorialContentView.swift */,
				521754C325DE812D009355BC /* TutorialView.swift */,
			);
			path = Views;
			sourceTree = "<group>";
		};
		521754C825DEACC9009355BC /* Select Account */ = {
			isa = PBXGroup;
			children = (
				521754C925DEACF1009355BC /* Controllers */,
				521754CB25DEAD0D009355BC /* Views */,
			);
			path = "Select Account";
			sourceTree = "<group>";
		};
		521754C925DEACF1009355BC /* Controllers */ = {
			isa = PBXGroup;
			children = (
				521754CC25DEAD2C009355BC /* SelectAccountViewController.swift */,
			);
			path = Controllers;
			sourceTree = "<group>";
		};
		521754CB25DEAD0D009355BC /* Views */ = {
			isa = PBXGroup;
			children = (
				525DB8FA25E77734001491AE /* SelectAccountTableViewCell.swift */,
			);
			path = Views;
			sourceTree = "<group>";
		};
		521754CF25DEAD72009355BC /* Management */ = {
			isa = PBXGroup;
			children = (
				521754D025DEAD91009355BC /* AccountManagement.swift */,
			);
			path = Management;
			sourceTree = "<group>";
		};
		521754D825DEAE39009355BC /* Key */ = {
			isa = PBXGroup;
			children = (
				521754D925DEAE44009355BC /* Key.swift */,
			);
			path = Key;
			sourceTree = "<group>";
		};
		525DB86D25E3F28A001491AE /* Check Mail */ = {
			isa = PBXGroup;
			children = (
				525DB86E25E3F293001491AE /* Controllers */,
			);
			path = "Check Mail";
			sourceTree = "<group>";
		};
		525DB86E25E3F293001491AE /* Controllers */ = {
			isa = PBXGroup;
			children = (
				525DB86F25E3F2AC001491AE /* CheckMailViewController.swift */,
			);
			path = Controllers;
			sourceTree = "<group>";
		};
		525DB87225E51D88001491AE /* Passcode */ = {
			isa = PBXGroup;
			children = (
				525DB87325E51D8F001491AE /* Controllers */,
			);
			path = Passcode;
			sourceTree = "<group>";
		};
		525DB87325E51D8F001491AE /* Controllers */ = {
			isa = PBXGroup;
			children = (
				525DB87425E51DA1001491AE /* PasscodeViewController.swift */,
			);
			path = Controllers;
			sourceTree = "<group>";
		};
		525DB87A25E55413001491AE /* Congrats */ = {
			isa = PBXGroup;
			children = (
				525DB87B25E55425001491AE /* Controllers */,
			);
			path = Congrats;
			sourceTree = "<group>";
		};
		525DB87B25E55425001491AE /* Controllers */ = {
			isa = PBXGroup;
			children = (
				525DB87C25E5543E001491AE /* CongratsViewController.swift */,
			);
			path = Controllers;
			sourceTree = "<group>";
		};
		525DB88025E5576F001491AE /* Controllers */ = {
			isa = PBXGroup;
			children = (
				529AE1AC25DD998700635807 /* UtilitiesViewController.swift */,
			);
			path = Controllers;
			sourceTree = "<group>";
		};
		525DB88125E55782001491AE /* Controllers */ = {
			isa = PBXGroup;
			children = (
				529AE1A725DD994C00635807 /* NewsViewController.swift */,
			);
			path = Controllers;
			sourceTree = "<group>";
		};
		525DB88225E5578F001491AE /* Controllers */ = {
			isa = PBXGroup;
			children = (
				529AE1B225DD99B900635807 /* WalletViewController.swift */,
			);
			path = Controllers;
			sourceTree = "<group>";
		};
		525DB88325E5579E001491AE /* Mission */ = {
			isa = PBXGroup;
			children = (
				525DB88425E557A4001491AE /* Controllers */,
			);
			path = Mission;
			sourceTree = "<group>";
		};
		525DB88425E557A4001491AE /* Controllers */ = {
			isa = PBXGroup;
			children = (
				525DB88525E557BC001491AE /* MissionViewController.swift */,
			);
			path = Controllers;
			sourceTree = "<group>";
		};
		525DB8A625E6A78A001491AE /* Constants */ = {
			isa = PBXGroup;
			children = (
				525DB8AA25E6A7D6001491AE /* Constants.swift */,
			);
			path = Constants;
			sourceTree = "<group>";
		};
		525DB8B025E6A80B001491AE /* Gateway Layer */ = {
			isa = PBXGroup;
			children = (
				525DB8AB25E6A7D7001491AE /* ServicesRepository.swift */,
				525DB8EA25E6B669001491AE /* Repository.swift */,
			);
			path = "Gateway Layer";
			sourceTree = "<group>";
		};
		525DB8B125E6A813001491AE /* Data & Networking Layer */ = {
			isa = PBXGroup;
			children = (
				525DB8E625E6B641001491AE /* AccountDataSource.swift */,
			);
			path = "Data & Networking Layer";
			sourceTree = "<group>";
		};
		525DB8BA25E6A885001491AE /* Accounts */ = {
			isa = PBXGroup;
			children = (
				525DB8ED25E6B88C001491AE /* AccountLocal.swift */,
				525DB8F025E6B898001491AE /* AccountRemote.swift */,
			);
			path = Accounts;
			sourceTree = "<group>";
		};
		525DB8F425E6B905001491AE /* Services */ = {
			isa = PBXGroup;
			children = (
				525DB8F525E6B91E001491AE /* AccountServices.swift */,
			);
			path = Services;
			sourceTree = "<group>";
		};
		529AE16C25DD96FD00635807 = {
			isa = PBXGroup;
			children = (
				529AE17725DD96FD00635807 /* KAI Membership */,
				529AE17625DD96FD00635807 /* Products */,
				7AC363A001BC7394CE0F5013 /* Pods */,
				C2C1FFCAACE62CA8EB4DA26B /* Frameworks */,
			);
			sourceTree = "<group>";
		};
		529AE17625DD96FD00635807 /* Products */ = {
			isa = PBXGroup;
			children = (
				529AE17525DD96FD00635807 /* KAI Membership.app */,
			);
			name = Products;
			sourceTree = "<group>";
		};
		529AE17725DD96FD00635807 /* KAI Membership */ = {
			isa = PBXGroup;
			children = (
				529AE19325DD97AD00635807 /* Application */,
				529AE18125DD96FD00635807 /* Assets.xcassets */,
				525DB8A625E6A78A001491AE /* Constants */,
				525DB8B125E6A813001491AE /* Data & Networking Layer */,
				521754AC25DE75FA009355BC /* Extensions */,
				525DB8B025E6A80B001491AE /* Gateway Layer */,
				521754A425DE7530009355BC /* MVVM */,
				525DB8F425E6B905001491AE /* Services */,
			);
			path = "KAI Membership";
			sourceTree = "<group>";
		};
		529AE19325DD97AD00635807 /* Application */ = {
			isa = PBXGroup;
			children = (
				52F37CA425E0021C009F311F /* Navigate */,
				521754D825DEAE39009355BC /* Key */,
				521754CF25DEAD72009355BC /* Management */,
				521754A525DE7544009355BC /* Supporting */,
				521754A625DE7577009355BC /* Window */,
			);
			path = Application;
			sourceTree = "<group>";
		};
		529AE19425DD97C500635807 /* Controllers */ = {
			isa = PBXGroup;
			children = (
				529AE1BB25DD9B4B00635807 /* Base */,
				525DB86D25E3F28A001491AE /* Check Mail */,
				525DB87A25E55413001491AE /* Congrats */,
				52F37D0925E15952009F311F /* Forgot Password */,
				525DB88325E5579E001491AE /* Mission */,
				529AE1AA25DD996E00635807 /* News */,
				525DB87225E51D88001491AE /* Passcode */,
				52F37D0325E157F5009F311F /* Reset Password */,
				529AE1BD25DD9B5D00635807 /* Root */,
				521754C825DEACC9009355BC /* Select Account */,
				52F37C9D25E00004009F311F /* Sign In */,
				52F37CE825E031B5009F311F /* Sign Up */,
				521754AD25DE764B009355BC /* Tutorials */,
				529AE1AB25DD997500635807 /* Utilities */,
				529AE1B125DD99B000635807 /* Wallet */,
			);
			path = Controllers;
			sourceTree = "<group>";
		};
		529AE1AA25DD996E00635807 /* News */ = {
			isa = PBXGroup;
			children = (
				525DB88125E55782001491AE /* Controllers */,
			);
			path = News;
			sourceTree = "<group>";
		};
		529AE1AB25DD997500635807 /* Utilities */ = {
			isa = PBXGroup;
			children = (
				525DB88025E5576F001491AE /* Controllers */,
			);
			path = Utilities;
			sourceTree = "<group>";
		};
		529AE1B125DD99B000635807 /* Wallet */ = {
			isa = PBXGroup;
			children = (
				525DB88225E5578F001491AE /* Controllers */,
			);
			path = Wallet;
			sourceTree = "<group>";
		};
		529AE1BB25DD9B4B00635807 /* Base */ = {
			isa = PBXGroup;
			children = (
				529AE1B725DD9A9300635807 /* BaseViewController.swift */,
			);
			path = Base;
			sourceTree = "<group>";
		};
		529AE1BD25DD9B5D00635807 /* Root */ = {
			isa = PBXGroup;
			children = (
				529AE1A425DD98E200635807 /* RootTabbarController.swift */,
			);
			path = Root;
			sourceTree = "<group>";
		};
		52F37C9D25E00004009F311F /* Sign In */ = {
			isa = PBXGroup;
			children = (
				52F37CA125E0001E009F311F /* Controllers */,
				52F37CEF25E03444009F311F /* Views */,
			);
			path = "Sign In";
			sourceTree = "<group>";
		};
		52F37CA125E0001E009F311F /* Controllers */ = {
			isa = PBXGroup;
			children = (
				52F37C9E25E0001A009F311F /* SignInViewController.swift */,
			);
			path = Controllers;
			sourceTree = "<group>";
		};
		52F37CA425E0021C009F311F /* Navigate */ = {
			isa = PBXGroup;
			children = (
				52F37CA525E0022C009F311F /* Navigator.swift */,
			);
			path = Navigate;
			sourceTree = "<group>";
		};
		52F37CE825E031B5009F311F /* Sign Up */ = {
			isa = PBXGroup;
			children = (
				52F37CE925E031C0009F311F /* Controllers */,
			);
			path = "Sign Up";
			sourceTree = "<group>";
		};
		52F37CE925E031C0009F311F /* Controllers */ = {
			isa = PBXGroup;
			children = (
				52F37CEA25E031D1009F311F /* SignUpViewController.swift */,
			);
			path = Controllers;
			sourceTree = "<group>";
		};
		52F37CEF25E03444009F311F /* Views */ = {
			isa = PBXGroup;
			children = (
				52F37CF025E03459009F311F /* SignInView.swift */,
			);
			path = Views;
			sourceTree = "<group>";
		};
		52F37CF825E0DCC5009F311F /* Views */ = {
			isa = PBXGroup;
			children = (
				52F37CFE25E0E05E009F311F /* KAIInputTextFieldView.swift */,
				52F37CF925E0DCDD009F311F /* KAITextFieldView.swift */,
			);
			path = Views;
			sourceTree = "<group>";
		};
		52F37D0325E157F5009F311F /* Reset Password */ = {
			isa = PBXGroup;
			children = (
				52F37D0425E15808009F311F /* Controllers */,
			);
			path = "Reset Password";
			sourceTree = "<group>";
		};
		52F37D0425E15808009F311F /* Controllers */ = {
			isa = PBXGroup;
			children = (
				52F37D0525E1581C009F311F /* ResetPasswordViewController.swift */,
			);
			path = Controllers;
			sourceTree = "<group>";
		};
		52F37D0925E15952009F311F /* Forgot Password */ = {
			isa = PBXGroup;
			children = (
				52F37D0A25E1595B009F311F /* Controllers */,
			);
			path = "Forgot Password";
			sourceTree = "<group>";
		};
		52F37D0A25E1595B009F311F /* Controllers */ = {
			isa = PBXGroup;
			children = (
				52F37D0B25E1596D009F311F /* ForgotPasswordViewController.swift */,
			);
			path = Controllers;
			sourceTree = "<group>";
		};
		7AC363A001BC7394CE0F5013 /* Pods */ = {
			isa = PBXGroup;
			children = (
				0EA1B91CAA873600C2D0BB1C /* Pods-KAI Membership.debug.xcconfig */,
				9C4C8FBECB22AABB90634A9E /* Pods-KAI Membership.release.xcconfig */,
			);
			path = Pods;
			sourceTree = "<group>";
		};
		C2C1FFCAACE62CA8EB4DA26B /* Frameworks */ = {
			isa = PBXGroup;
			children = (
				2DEAACA282BABB61573963A5 /* Pods_KAI_Membership.framework */,
			);
			name = Frameworks;
			sourceTree = "<group>";
		};
/* End PBXGroup section */

/* Begin PBXNativeTarget section */
		529AE17425DD96FD00635807 /* KAI Membership */ = {
			isa = PBXNativeTarget;
			buildConfigurationList = 529AE18925DD96FD00635807 /* Build configuration list for PBXNativeTarget "KAI Membership" */;
			buildPhases = (
				5D22186D79841BAF00846F91 /* [CP] Check Pods Manifest.lock */,
				529AE17125DD96FD00635807 /* Sources */,
				529AE17225DD96FD00635807 /* Frameworks */,
				529AE17325DD96FD00635807 /* Resources */,
				8858CFC392E0AFC308EE6FA4 /* [CP] Embed Pods Frameworks */,
			);
			buildRules = (
			);
			dependencies = (
			);
			name = "KAI Membership";
			productName = "KAI Membership";
			productReference = 529AE17525DD96FD00635807 /* KAI Membership.app */;
			productType = "com.apple.product-type.application";
		};
/* End PBXNativeTarget section */

/* Begin PBXProject section */
		529AE16D25DD96FD00635807 /* Project object */ = {
			isa = PBXProject;
			attributes = {
				LastSwiftUpdateCheck = 1240;
				LastUpgradeCheck = 1240;
				TargetAttributes = {
					529AE17425DD96FD00635807 = {
						CreatedOnToolsVersion = 12.4;
					};
				};
			};
			buildConfigurationList = 529AE17025DD96FD00635807 /* Build configuration list for PBXProject "KAI Membership" */;
			compatibilityVersion = "Xcode 9.3";
			developmentRegion = en;
			hasScannedForEncodings = 0;
			knownRegions = (
				en,
				Base,
			);
			mainGroup = 529AE16C25DD96FD00635807;
			productRefGroup = 529AE17625DD96FD00635807 /* Products */;
			projectDirPath = "";
			projectRoot = "";
			targets = (
				529AE17425DD96FD00635807 /* KAI Membership */,
			);
		};
/* End PBXProject section */

/* Begin PBXResourcesBuildPhase section */
		529AE17325DD96FD00635807 /* Resources */ = {
			isa = PBXResourcesBuildPhase;
			buildActionMask = 2147483647;
			files = (
				529AE18525DD96FD00635807 /* LaunchScreen.storyboard in Resources */,
				529AE18225DD96FD00635807 /* Assets.xcassets in Resources */,
			);
			runOnlyForDeploymentPostprocessing = 0;
		};
/* End PBXResourcesBuildPhase section */

/* Begin PBXShellScriptBuildPhase section */
		5D22186D79841BAF00846F91 /* [CP] Check Pods Manifest.lock */ = {
			isa = PBXShellScriptBuildPhase;
			buildActionMask = 2147483647;
			files = (
			);
			inputFileListPaths = (
			);
			inputPaths = (
				"${PODS_PODFILE_DIR_PATH}/Podfile.lock",
				"${PODS_ROOT}/Manifest.lock",
			);
			name = "[CP] Check Pods Manifest.lock";
			outputFileListPaths = (
			);
			outputPaths = (
				"$(DERIVED_FILE_DIR)/Pods-KAI Membership-checkManifestLockResult.txt",
			);
			runOnlyForDeploymentPostprocessing = 0;
			shellPath = /bin/sh;
			shellScript = "diff \"${PODS_PODFILE_DIR_PATH}/Podfile.lock\" \"${PODS_ROOT}/Manifest.lock\" > /dev/null\nif [ $? != 0 ] ; then\n    # print error to STDERR\n    echo \"error: The sandbox is not in sync with the Podfile.lock. Run 'pod install' or update your CocoaPods installation.\" >&2\n    exit 1\nfi\n# This output is used by Xcode 'outputs' to avoid re-running this script phase.\necho \"SUCCESS\" > \"${SCRIPT_OUTPUT_FILE_0}\"\n";
			showEnvVarsInLog = 0;
		};
		8858CFC392E0AFC308EE6FA4 /* [CP] Embed Pods Frameworks */ = {
			isa = PBXShellScriptBuildPhase;
			buildActionMask = 2147483647;
			files = (
			);
			inputFileListPaths = (
				"${PODS_ROOT}/Target Support Files/Pods-KAI Membership/Pods-KAI Membership-frameworks-${CONFIGURATION}-input-files.xcfilelist",
			);
			name = "[CP] Embed Pods Frameworks";
			outputFileListPaths = (
				"${PODS_ROOT}/Target Support Files/Pods-KAI Membership/Pods-KAI Membership-frameworks-${CONFIGURATION}-output-files.xcfilelist",
			);
			runOnlyForDeploymentPostprocessing = 0;
			shellPath = /bin/sh;
			shellScript = "\"${PODS_ROOT}/Target Support Files/Pods-KAI Membership/Pods-KAI Membership-frameworks.sh\"\n";
			showEnvVarsInLog = 0;
		};
/* End PBXShellScriptBuildPhase section */

/* Begin PBXSourcesBuildPhase section */
		529AE17125DD96FD00635807 /* Sources */ = {
			isa = PBXSourcesBuildPhase;
			buildActionMask = 2147483647;
			files = (
				529AE1AD25DD998700635807 /* UtilitiesViewController.swift in Sources */,
				529AE1B325DD99B900635807 /* WalletViewController.swift in Sources */,
				521754B525DE7C5B009355BC /* UIView+Extensions.swift in Sources */,
				525DB87025E3F2AC001491AE /* CheckMailViewController.swift in Sources */,
				52F37D0625E1581C009F311F /* ResetPasswordViewController.swift in Sources */,
				521754AF25DE7673009355BC /* TutorialViewController.swift in Sources */,
				521754CD25DEAD2C009355BC /* SelectAccountViewController.swift in Sources */,
				525DB8F125E6B898001491AE /* AccountRemote.swift in Sources */,
				525DB8AC25E6A7D7001491AE /* Constants.swift in Sources */,
				529AE1A525DD98E200635807 /* RootTabbarController.swift in Sources */,
				521754D125DEAD91009355BC /* AccountManagement.swift in Sources */,
				525DB88625E557BC001491AE /* MissionViewController.swift in Sources */,
				525DB87D25E5543E001491AE /* CongratsViewController.swift in Sources */,
				52F37CEB25E031D1009F311F /* SignUpViewController.swift in Sources */,
				52F37CFF25E0E05E009F311F /* KAIInputTextFieldView.swift in Sources */,
				52F37C9F25E0001A009F311F /* SignInViewController.swift in Sources */,
				52F37D0C25E1596D009F311F /* ForgotPasswordViewController.swift in Sources */,
				529AE17925DD96FD00635807 /* AppDelegate.swift in Sources */,
				529AE1B825DD9A9300635807 /* BaseViewController.swift in Sources */,
				5270BE2725E160AA0046E224 /* String+Extensions.swift in Sources */,
				529AE1A825DD994C00635807 /* NewsViewController.swift in Sources */,
				52F37CA625E0022C009F311F /* Navigator.swift in Sources */,
				52F37CF425E0385A009F311F /* UITapGestureRecognizer+Extensions.swift in Sources */,
				521754C425DE812D009355BC /* TutorialView.swift in Sources */,
				525DB8AD25E6A7D7001491AE /* ServicesRepository.swift in Sources */,
				525DB8E725E6B641001491AE /* AccountDataSource.swift in Sources */,
				52F37CF125E03459009F311F /* SignInView.swift in Sources */,
				521754BB25DE7DAE009355BC /* TutorialContentView.swift in Sources */,
				521754DE25DECBEF009355BC /* UIViewController+Extensions.swift in Sources */,
				525DB8F625E6B91E001491AE /* AccountServices.swift in Sources */,
				521754DA25DEAE44009355BC /* Key.swift in Sources */,
				525DB8EE25E6B88C001491AE /* AccountLocal.swift in Sources */,
				52F37CFA25E0DCDD009F311F /* KAITextFieldView.swift in Sources */,
				521754B225DE79D1009355BC /* UIColor+Extensions.swift in Sources */,
				525DB87525E51DA1001491AE /* PasscodeViewController.swift in Sources */,
				529AE17B25DD96FD00635807 /* SceneDelegate.swift in Sources */,
				525DB90425E7FE99001491AE /* CALayer+Extensions.swift in Sources */,
				525DB8FB25E77734001491AE /* SelectAccountTableViewCell.swift in Sources */,
				525DB8EB25E6B669001491AE /* Repository.swift in Sources */,
			);
			runOnlyForDeploymentPostprocessing = 0;
		};
/* End PBXSourcesBuildPhase section */

/* Begin PBXVariantGroup section */
		529AE18325DD96FD00635807 /* LaunchScreen.storyboard */ = {
			isa = PBXVariantGroup;
			children = (
				529AE18425DD96FD00635807 /* Base */,
			);
			name = LaunchScreen.storyboard;
			sourceTree = "<group>";
		};
/* End PBXVariantGroup section */

/* Begin XCBuildConfiguration section */
		529AE18725DD96FD00635807 /* Debug */ = {
			isa = XCBuildConfiguration;
			buildSettings = {
				ALWAYS_SEARCH_USER_PATHS = NO;
				CLANG_ANALYZER_NONNULL = YES;
				CLANG_ANALYZER_NUMBER_OBJECT_CONVERSION = YES_AGGRESSIVE;
				CLANG_CXX_LANGUAGE_STANDARD = "gnu++14";
				CLANG_CXX_LIBRARY = "libc++";
				CLANG_ENABLE_MODULES = YES;
				CLANG_ENABLE_OBJC_ARC = YES;
				CLANG_ENABLE_OBJC_WEAK = YES;
				CLANG_WARN_BLOCK_CAPTURE_AUTORELEASING = YES;
				CLANG_WARN_BOOL_CONVERSION = YES;
				CLANG_WARN_COMMA = YES;
				CLANG_WARN_CONSTANT_CONVERSION = YES;
				CLANG_WARN_DEPRECATED_OBJC_IMPLEMENTATIONS = YES;
				CLANG_WARN_DIRECT_OBJC_ISA_USAGE = YES_ERROR;
				CLANG_WARN_DOCUMENTATION_COMMENTS = YES;
				CLANG_WARN_EMPTY_BODY = YES;
				CLANG_WARN_ENUM_CONVERSION = YES;
				CLANG_WARN_INFINITE_RECURSION = YES;
				CLANG_WARN_INT_CONVERSION = YES;
				CLANG_WARN_NON_LITERAL_NULL_CONVERSION = YES;
				CLANG_WARN_OBJC_IMPLICIT_RETAIN_SELF = YES;
				CLANG_WARN_OBJC_LITERAL_CONVERSION = YES;
				CLANG_WARN_OBJC_ROOT_CLASS = YES_ERROR;
				CLANG_WARN_QUOTED_INCLUDE_IN_FRAMEWORK_HEADER = YES;
				CLANG_WARN_RANGE_LOOP_ANALYSIS = YES;
				CLANG_WARN_STRICT_PROTOTYPES = YES;
				CLANG_WARN_SUSPICIOUS_MOVE = YES;
				CLANG_WARN_UNGUARDED_AVAILABILITY = YES_AGGRESSIVE;
				CLANG_WARN_UNREACHABLE_CODE = YES;
				CLANG_WARN__DUPLICATE_METHOD_MATCH = YES;
				COPY_PHASE_STRIP = NO;
				DEBUG_INFORMATION_FORMAT = dwarf;
				ENABLE_STRICT_OBJC_MSGSEND = YES;
				ENABLE_TESTABILITY = YES;
				GCC_C_LANGUAGE_STANDARD = gnu11;
				GCC_DYNAMIC_NO_PIC = NO;
				GCC_NO_COMMON_BLOCKS = YES;
				GCC_OPTIMIZATION_LEVEL = 0;
				GCC_PREPROCESSOR_DEFINITIONS = (
					"DEBUG=1",
					"$(inherited)",
				);
				GCC_WARN_64_TO_32_BIT_CONVERSION = YES;
				GCC_WARN_ABOUT_RETURN_TYPE = YES_ERROR;
				GCC_WARN_UNDECLARED_SELECTOR = YES;
				GCC_WARN_UNINITIALIZED_AUTOS = YES_AGGRESSIVE;
				GCC_WARN_UNUSED_FUNCTION = YES;
				GCC_WARN_UNUSED_VARIABLE = YES;
				IPHONEOS_DEPLOYMENT_TARGET = 12.1;
				MTL_ENABLE_DEBUG_INFO = INCLUDE_SOURCE;
				MTL_FAST_MATH = YES;
				ONLY_ACTIVE_ARCH = YES;
				SDKROOT = iphoneos;
				SWIFT_ACTIVE_COMPILATION_CONDITIONS = DEBUG;
				SWIFT_OPTIMIZATION_LEVEL = "-Onone";
			};
			name = Debug;
		};
		529AE18825DD96FD00635807 /* Release */ = {
			isa = XCBuildConfiguration;
			buildSettings = {
				ALWAYS_SEARCH_USER_PATHS = NO;
				CLANG_ANALYZER_NONNULL = YES;
				CLANG_ANALYZER_NUMBER_OBJECT_CONVERSION = YES_AGGRESSIVE;
				CLANG_CXX_LANGUAGE_STANDARD = "gnu++14";
				CLANG_CXX_LIBRARY = "libc++";
				CLANG_ENABLE_MODULES = YES;
				CLANG_ENABLE_OBJC_ARC = YES;
				CLANG_ENABLE_OBJC_WEAK = YES;
				CLANG_WARN_BLOCK_CAPTURE_AUTORELEASING = YES;
				CLANG_WARN_BOOL_CONVERSION = YES;
				CLANG_WARN_COMMA = YES;
				CLANG_WARN_CONSTANT_CONVERSION = YES;
				CLANG_WARN_DEPRECATED_OBJC_IMPLEMENTATIONS = YES;
				CLANG_WARN_DIRECT_OBJC_ISA_USAGE = YES_ERROR;
				CLANG_WARN_DOCUMENTATION_COMMENTS = YES;
				CLANG_WARN_EMPTY_BODY = YES;
				CLANG_WARN_ENUM_CONVERSION = YES;
				CLANG_WARN_INFINITE_RECURSION = YES;
				CLANG_WARN_INT_CONVERSION = YES;
				CLANG_WARN_NON_LITERAL_NULL_CONVERSION = YES;
				CLANG_WARN_OBJC_IMPLICIT_RETAIN_SELF = YES;
				CLANG_WARN_OBJC_LITERAL_CONVERSION = YES;
				CLANG_WARN_OBJC_ROOT_CLASS = YES_ERROR;
				CLANG_WARN_QUOTED_INCLUDE_IN_FRAMEWORK_HEADER = YES;
				CLANG_WARN_RANGE_LOOP_ANALYSIS = YES;
				CLANG_WARN_STRICT_PROTOTYPES = YES;
				CLANG_WARN_SUSPICIOUS_MOVE = YES;
				CLANG_WARN_UNGUARDED_AVAILABILITY = YES_AGGRESSIVE;
				CLANG_WARN_UNREACHABLE_CODE = YES;
				CLANG_WARN__DUPLICATE_METHOD_MATCH = YES;
				COPY_PHASE_STRIP = NO;
				DEBUG_INFORMATION_FORMAT = "dwarf-with-dsym";
				ENABLE_NS_ASSERTIONS = NO;
				ENABLE_STRICT_OBJC_MSGSEND = YES;
				GCC_C_LANGUAGE_STANDARD = gnu11;
				GCC_NO_COMMON_BLOCKS = YES;
				GCC_WARN_64_TO_32_BIT_CONVERSION = YES;
				GCC_WARN_ABOUT_RETURN_TYPE = YES_ERROR;
				GCC_WARN_UNDECLARED_SELECTOR = YES;
				GCC_WARN_UNINITIALIZED_AUTOS = YES_AGGRESSIVE;
				GCC_WARN_UNUSED_FUNCTION = YES;
				GCC_WARN_UNUSED_VARIABLE = YES;
				IPHONEOS_DEPLOYMENT_TARGET = 12.1;
				MTL_ENABLE_DEBUG_INFO = NO;
				MTL_FAST_MATH = YES;
				SDKROOT = iphoneos;
				SWIFT_COMPILATION_MODE = wholemodule;
				SWIFT_OPTIMIZATION_LEVEL = "-O";
				VALIDATE_PRODUCT = YES;
			};
			name = Release;
		};
		529AE18A25DD96FD00635807 /* Debug */ = {
			isa = XCBuildConfiguration;
			baseConfigurationReference = 0EA1B91CAA873600C2D0BB1C /* Pods-KAI Membership.debug.xcconfig */;
			buildSettings = {
				ASSETCATALOG_COMPILER_APPICON_NAME = AppIcon;
				ASSETCATALOG_COMPILER_GLOBAL_ACCENT_COLOR_NAME = AccentColor;
				CODE_SIGN_STYLE = Automatic;
				CURRENT_PROJECT_VERSION = 1;
				DEVELOPMENT_TEAM = NTP6J6Q8BJ;
				INFOPLIST_FILE = "$(SRCROOT)/KAI Membership/Application/Supporting/Info.plist";
				IPHONEOS_DEPLOYMENT_TARGET = 12.1;
				LD_RUNPATH_SEARCH_PATHS = (
					"$(inherited)",
					"@executable_path/Frameworks",
				);
				MARKETING_VERSION = 1.0.0;
				PRODUCT_BUNDLE_IDENTIFIER = "com.kardia.membership.KAI-Membership";
				PRODUCT_NAME = "$(TARGET_NAME)";
				SWIFT_VERSION = 5.0;
				TARGETED_DEVICE_FAMILY = 1;
			};
			name = Debug;
		};
		529AE18B25DD96FD00635807 /* Release */ = {
			isa = XCBuildConfiguration;
			baseConfigurationReference = 9C4C8FBECB22AABB90634A9E /* Pods-KAI Membership.release.xcconfig */;
			buildSettings = {
				ASSETCATALOG_COMPILER_APPICON_NAME = AppIcon;
				ASSETCATALOG_COMPILER_GLOBAL_ACCENT_COLOR_NAME = AccentColor;
				CODE_SIGN_STYLE = Automatic;
				CURRENT_PROJECT_VERSION = 1;
				DEVELOPMENT_TEAM = NTP6J6Q8BJ;
				INFOPLIST_FILE = "$(SRCROOT)/KAI Membership/Application/Supporting/Info.plist";
				IPHONEOS_DEPLOYMENT_TARGET = 12.1;
				LD_RUNPATH_SEARCH_PATHS = (
					"$(inherited)",
					"@executable_path/Frameworks",
				);
				MARKETING_VERSION = 1.0.0;
				PRODUCT_BUNDLE_IDENTIFIER = "com.kardia.membership.KAI-Membership";
				PRODUCT_NAME = "$(TARGET_NAME)";
				SWIFT_VERSION = 5.0;
				TARGETED_DEVICE_FAMILY = 1;
			};
			name = Release;
		};
/* End XCBuildConfiguration section */

/* Begin XCConfigurationList section */
		529AE17025DD96FD00635807 /* Build configuration list for PBXProject "KAI Membership" */ = {
			isa = XCConfigurationList;
			buildConfigurations = (
				529AE18725DD96FD00635807 /* Debug */,
				529AE18825DD96FD00635807 /* Release */,
			);
			defaultConfigurationIsVisible = 0;
			defaultConfigurationName = Release;
		};
		529AE18925DD96FD00635807 /* Build configuration list for PBXNativeTarget "KAI Membership" */ = {
			isa = XCConfigurationList;
			buildConfigurations = (
				529AE18A25DD96FD00635807 /* Debug */,
				529AE18B25DD96FD00635807 /* Release */,
			);
			defaultConfigurationIsVisible = 0;
			defaultConfigurationName = Release;
		};
/* End XCConfigurationList section */
	};
	rootObject = 529AE16D25DD96FD00635807 /* Project object */;
}
